// !$*UTF8*$!
{
	archiveVersion = 1;
	classes = {
	};
	objectVersion = 46;
	objects = {

/* Begin PBXBuildFile section */
		0F024111177A46E600FA5F0E /* UIKit.framework in Frameworks */ = {isa = PBXBuildFile; fileRef = 0F024110177A46E600FA5F0E /* UIKit.framework */; };
		0F024113177A46E600FA5F0E /* Foundation.framework in Frameworks */ = {isa = PBXBuildFile; fileRef = 0F024112177A46E600FA5F0E /* Foundation.framework */; };
		0F024115177A46E600FA5F0E /* CoreGraphics.framework in Frameworks */ = {isa = PBXBuildFile; fileRef = 0F024114177A46E600FA5F0E /* CoreGraphics.framework */; };
		0F02411B177A46E600FA5F0E /* InfoPlist.strings in Resources */ = {isa = PBXBuildFile; fileRef = 0F024119177A46E600FA5F0E /* InfoPlist.strings */; };
		0F02411D177A46E600FA5F0E /* main.m in Sources */ = {isa = PBXBuildFile; fileRef = 0F02411C177A46E600FA5F0E /* main.m */; };
		0F024121177A46E600FA5F0E /* SBGLAppDelegate.m in Sources */ = {isa = PBXBuildFile; fileRef = 0F024120177A46E600FA5F0E /* SBGLAppDelegate.m */; };
		0F024123177A46E600FA5F0E /* Default.png in Resources */ = {isa = PBXBuildFile; fileRef = 0F024122177A46E600FA5F0E /* Default.png */; };
		0F024125177A46E600FA5F0E /* Default@2x.png in Resources */ = {isa = PBXBuildFile; fileRef = 0F024124177A46E600FA5F0E /* Default@2x.png */; };
		0F024127177A46E600FA5F0E /* Default-568h@2x.png in Resources */ = {isa = PBXBuildFile; fileRef = 0F024126177A46E600FA5F0E /* Default-568h@2x.png */; };
		0F02412A177A46E600FA5F0E /* MainStoryboard.storyboard in Resources */ = {isa = PBXBuildFile; fileRef = 0F024128177A46E600FA5F0E /* MainStoryboard.storyboard */; };
		0F02412D177A46E600FA5F0E /* SBGLImageViewController.m in Sources */ = {isa = PBXBuildFile; fileRef = 0F02412C177A46E600FA5F0E /* SBGLImageViewController.m */; };
		0F024135177A772200FA5F0E /* SBGLNumberDinersViewController.m in Sources */ = {isa = PBXBuildFile; fileRef = 0F024134177A772200FA5F0E /* SBGLNumberDinersViewController.m */; };
		0F024138177A776000FA5F0E /* SBGLNameDinersViewController.m in Sources */ = {isa = PBXBuildFile; fileRef = 0F024137177A776000FA5F0E /* SBGLNameDinersViewController.m */; };
		8D2B91CC177A7DA50080CDC4 /* .gitignore in Resources */ = {isa = PBXBuildFile; fileRef = 8D2B9135177A7DA50080CDC4 /* .gitignore */; };
		8D2B91CD177A7DA50080CDC4 /* liblept.a in Frameworks */ = {isa = PBXBuildFile; fileRef = 8D2B91C9177A7DA50080CDC4 /* liblept.a */; };
		8D2B91CE177A7DA50080CDC4 /* libtesseract_all.a in Frameworks */ = {isa = PBXBuildFile; fileRef = 8D2B91CA177A7DA50080CDC4 /* libtesseract_all.a */; };
		8D2B91CF177A7DA50080CDC4 /* README.md in Resources */ = {isa = PBXBuildFile; fileRef = 8D2B91CB177A7DA50080CDC4 /* README.md */; };
		8D2B91D2177A7E030080CDC4 /* Tesseract.mm in Sources */ = {isa = PBXBuildFile; fileRef = 8D2B91D1177A7E030080CDC4 /* Tesseract.mm */; };
/* End PBXBuildFile section */

/* Begin PBXFileReference section */
		0F02410D177A46E600FA5F0E /* split.app */ = {isa = PBXFileReference; explicitFileType = wrapper.application; includeInIndex = 0; path = split.app; sourceTree = BUILT_PRODUCTS_DIR; };
		0F024110177A46E600FA5F0E /* UIKit.framework */ = {isa = PBXFileReference; lastKnownFileType = wrapper.framework; name = UIKit.framework; path = System/Library/Frameworks/UIKit.framework; sourceTree = SDKROOT; };
		0F024112177A46E600FA5F0E /* Foundation.framework */ = {isa = PBXFileReference; lastKnownFileType = wrapper.framework; name = Foundation.framework; path = System/Library/Frameworks/Foundation.framework; sourceTree = SDKROOT; };
		0F024114177A46E600FA5F0E /* CoreGraphics.framework */ = {isa = PBXFileReference; lastKnownFileType = wrapper.framework; name = CoreGraphics.framework; path = System/Library/Frameworks/CoreGraphics.framework; sourceTree = SDKROOT; };
		0F024118177A46E600FA5F0E /* split-Info.plist */ = {isa = PBXFileReference; lastKnownFileType = text.plist.xml; path = "split-Info.plist"; sourceTree = "<group>"; };
		0F02411A177A46E600FA5F0E /* en */ = {isa = PBXFileReference; lastKnownFileType = text.plist.strings; name = en; path = en.lproj/InfoPlist.strings; sourceTree = "<group>"; };
		0F02411C177A46E600FA5F0E /* main.m */ = {isa = PBXFileReference; lastKnownFileType = sourcecode.c.objc; path = main.m; sourceTree = "<group>"; };
		0F02411E177A46E600FA5F0E /* split-Prefix.pch */ = {isa = PBXFileReference; lastKnownFileType = sourcecode.c.h; path = "split-Prefix.pch"; sourceTree = "<group>"; };
		0F02411F177A46E600FA5F0E /* SBGLAppDelegate.h */ = {isa = PBXFileReference; lastKnownFileType = sourcecode.c.h; path = SBGLAppDelegate.h; sourceTree = "<group>"; };
		0F024120177A46E600FA5F0E /* SBGLAppDelegate.m */ = {isa = PBXFileReference; lastKnownFileType = sourcecode.c.objc; path = SBGLAppDelegate.m; sourceTree = "<group>"; };
		0F024122177A46E600FA5F0E /* Default.png */ = {isa = PBXFileReference; lastKnownFileType = image.png; path = Default.png; sourceTree = "<group>"; };
		0F024124177A46E600FA5F0E /* Default@2x.png */ = {isa = PBXFileReference; lastKnownFileType = image.png; path = "Default@2x.png"; sourceTree = "<group>"; };
		0F024126177A46E600FA5F0E /* Default-568h@2x.png */ = {isa = PBXFileReference; lastKnownFileType = image.png; path = "Default-568h@2x.png"; sourceTree = "<group>"; };
		0F024129177A46E600FA5F0E /* en */ = {isa = PBXFileReference; lastKnownFileType = file.storyboard; name = en; path = en.lproj/MainStoryboard.storyboard; sourceTree = "<group>"; };
		0F02412B177A46E600FA5F0E /* SBGLImageViewController.h */ = {isa = PBXFileReference; lastKnownFileType = sourcecode.c.h; path = SBGLImageViewController.h; sourceTree = "<group>"; };
		0F02412C177A46E600FA5F0E /* SBGLImageViewController.m */ = {isa = PBXFileReference; lastKnownFileType = sourcecode.c.objc; path = SBGLImageViewController.m; sourceTree = "<group>"; };
		0F024133177A772200FA5F0E /* SBGLNumberDinersViewController.h */ = {isa = PBXFileReference; fileEncoding = 4; lastKnownFileType = sourcecode.c.h; path = SBGLNumberDinersViewController.h; sourceTree = "<group>"; };
		0F024134177A772200FA5F0E /* SBGLNumberDinersViewController.m */ = {isa = PBXFileReference; fileEncoding = 4; lastKnownFileType = sourcecode.c.objc; path = SBGLNumberDinersViewController.m; sourceTree = "<group>"; };
		0F024136177A776000FA5F0E /* SBGLNameDinersViewController.h */ = {isa = PBXFileReference; fileEncoding = 4; lastKnownFileType = sourcecode.c.h; path = SBGLNameDinersViewController.h; sourceTree = "<group>"; };
		0F024137177A776000FA5F0E /* SBGLNameDinersViewController.m */ = {isa = PBXFileReference; fileEncoding = 4; lastKnownFileType = sourcecode.c.objc; path = SBGLNameDinersViewController.m; sourceTree = "<group>"; };
		8D2B9135177A7DA50080CDC4 /* .gitignore */ = {isa = PBXFileReference; fileEncoding = 4; lastKnownFileType = text; path = .gitignore; sourceTree = "<group>"; };
		8D2B9138177A7DA50080CDC4 /* allheaders.h */ = {isa = PBXFileReference; fileEncoding = 4; lastKnownFileType = sourcecode.c.h; path = allheaders.h; sourceTree = "<group>"; };
		8D2B9139177A7DA50080CDC4 /* alltypes.h */ = {isa = PBXFileReference; fileEncoding = 4; lastKnownFileType = sourcecode.c.h; path = alltypes.h; sourceTree = "<group>"; };
		8D2B913A177A7DA50080CDC4 /* array.h */ = {isa = PBXFileReference; fileEncoding = 4; lastKnownFileType = sourcecode.c.h; path = array.h; sourceTree = "<group>"; };
		8D2B913B177A7DA50080CDC4 /* arrayaccess.h */ = {isa = PBXFileReference; fileEncoding = 4; lastKnownFileType = sourcecode.c.h; path = arrayaccess.h; sourceTree = "<group>"; };
		8D2B913C177A7DA50080CDC4 /* bbuffer.h */ = {isa = PBXFileReference; fileEncoding = 4; lastKnownFileType = sourcecode.c.h; path = bbuffer.h; sourceTree = "<group>"; };
		8D2B913D177A7DA50080CDC4 /* bmf.h */ = {isa = PBXFileReference; fileEncoding = 4; lastKnownFileType = sourcecode.c.h; path = bmf.h; sourceTree = "<group>"; };
		8D2B913E177A7DA50080CDC4 /* bmp.h */ = {isa = PBXFileReference; fileEncoding = 4; lastKnownFileType = sourcecode.c.h; path = bmp.h; sourceTree = "<group>"; };
		8D2B913F177A7DA50080CDC4 /* ccbord.h */ = {isa = PBXFileReference; fileEncoding = 4; lastKnownFileType = sourcecode.c.h; path = ccbord.h; sourceTree = "<group>"; };
		8D2B9140177A7DA50080CDC4 /* dewarp.h */ = {isa = PBXFileReference; fileEncoding = 4; lastKnownFileType = sourcecode.c.h; path = dewarp.h; sourceTree = "<group>"; };
		8D2B9141177A7DA50080CDC4 /* endianness.h */ = {isa = PBXFileReference; fileEncoding = 4; lastKnownFileType = sourcecode.c.h; path = endianness.h; sourceTree = "<group>"; };
		8D2B9142177A7DA50080CDC4 /* environ.h */ = {isa = PBXFileReference; fileEncoding = 4; lastKnownFileType = sourcecode.c.h; path = environ.h; sourceTree = "<group>"; };
		8D2B9143177A7DA50080CDC4 /* freetype.h */ = {isa = PBXFileReference; fileEncoding = 4; lastKnownFileType = sourcecode.c.h; path = freetype.h; sourceTree = "<group>"; };
		8D2B9144177A7DA50080CDC4 /* gplot.h */ = {isa = PBXFileReference; fileEncoding = 4; lastKnownFileType = sourcecode.c.h; path = gplot.h; sourceTree = "<group>"; };
		8D2B9145177A7DA50080CDC4 /* heap.h */ = {isa = PBXFileReference; fileEncoding = 4; lastKnownFileType = sourcecode.c.h; path = heap.h; sourceTree = "<group>"; };
		8D2B9146177A7DA50080CDC4 /* imageio.h */ = {isa = PBXFileReference; fileEncoding = 4; lastKnownFileType = sourcecode.c.h; path = imageio.h; sourceTree = "<group>"; };
		8D2B9147177A7DA50080CDC4 /* jbclass.h */ = {isa = PBXFileReference; fileEncoding = 4; lastKnownFileType = sourcecode.c.h; path = jbclass.h; sourceTree = "<group>"; };
		8D2B9148177A7DA50080CDC4 /* leptwin.h */ = {isa = PBXFileReference; fileEncoding = 4; lastKnownFileType = sourcecode.c.h; path = leptwin.h; sourceTree = "<group>"; };
		8D2B9149177A7DA50080CDC4 /* list.h */ = {isa = PBXFileReference; fileEncoding = 4; lastKnownFileType = sourcecode.c.h; path = list.h; sourceTree = "<group>"; };
		8D2B914A177A7DA50080CDC4 /* morph.h */ = {isa = PBXFileReference; fileEncoding = 4; lastKnownFileType = sourcecode.c.h; path = morph.h; sourceTree = "<group>"; };
		8D2B914B177A7DA50080CDC4 /* pix.h */ = {isa = PBXFileReference; fileEncoding = 4; lastKnownFileType = sourcecode.c.h; path = pix.h; sourceTree = "<group>"; };
		8D2B914C177A7DA50080CDC4 /* ptra.h */ = {isa = PBXFileReference; fileEncoding = 4; lastKnownFileType = sourcecode.c.h; path = ptra.h; sourceTree = "<group>"; };
		8D2B914D177A7DA50080CDC4 /* queue.h */ = {isa = PBXFileReference; fileEncoding = 4; lastKnownFileType = sourcecode.c.h; path = queue.h; sourceTree = "<group>"; };
		8D2B914E177A7DA50080CDC4 /* readbarcode.h */ = {isa = PBXFileReference; fileEncoding = 4; lastKnownFileType = sourcecode.c.h; path = readbarcode.h; sourceTree = "<group>"; };
		8D2B914F177A7DA50080CDC4 /* regutils.h */ = {isa = PBXFileReference; fileEncoding = 4; lastKnownFileType = sourcecode.c.h; path = regutils.h; sourceTree = "<group>"; };
		8D2B9150177A7DA50080CDC4 /* stack.h */ = {isa = PBXFileReference; fileEncoding = 4; lastKnownFileType = sourcecode.c.h; path = stack.h; sourceTree = "<group>"; };
		8D2B9151177A7DA50080CDC4 /* sudoku.h */ = {isa = PBXFileReference; fileEncoding = 4; lastKnownFileType = sourcecode.c.h; path = sudoku.h; sourceTree = "<group>"; };
		8D2B9152177A7DA50080CDC4 /* watershed.h */ = {isa = PBXFileReference; fileEncoding = 4; lastKnownFileType = sourcecode.c.h; path = watershed.h; sourceTree = "<group>"; };
		8D2B9154177A7DA50080CDC4 /* ambigs.h */ = {isa = PBXFileReference; fileEncoding = 4; lastKnownFileType = sourcecode.c.h; path = ambigs.h; sourceTree = "<group>"; };
		8D2B9155177A7DA50080CDC4 /* apitypes.h */ = {isa = PBXFileReference; fileEncoding = 4; lastKnownFileType = sourcecode.c.h; path = apitypes.h; sourceTree = "<group>"; };
		8D2B9156177A7DA50080CDC4 /* baseapi.h */ = {isa = PBXFileReference; fileEncoding = 4; lastKnownFileType = sourcecode.c.h; path = baseapi.h; sourceTree = "<group>"; };
		8D2B9157177A7DA50080CDC4 /* basedir.h */ = {isa = PBXFileReference; fileEncoding = 4; lastKnownFileType = sourcecode.c.h; path = basedir.h; sourceTree = "<group>"; };
		8D2B9158177A7DA50080CDC4 /* bits16.h */ = {isa = PBXFileReference; fileEncoding = 4; lastKnownFileType = sourcecode.c.h; path = bits16.h; sourceTree = "<group>"; };
		8D2B9159177A7DA50080CDC4 /* bitvector.h */ = {isa = PBXFileReference; fileEncoding = 4; lastKnownFileType = sourcecode.c.h; path = bitvector.h; sourceTree = "<group>"; };
		8D2B915A177A7DA50080CDC4 /* blckerr.h */ = {isa = PBXFileReference; fileEncoding = 4; lastKnownFileType = sourcecode.c.h; path = blckerr.h; sourceTree = "<group>"; };
		8D2B915B177A7DA50080CDC4 /* blobbox.h */ = {isa = PBXFileReference; fileEncoding = 4; lastKnownFileType = sourcecode.c.h; path = blobbox.h; sourceTree = "<group>"; };
		8D2B915C177A7DA50080CDC4 /* blobs.h */ = {isa = PBXFileReference; fileEncoding = 4; lastKnownFileType = sourcecode.c.h; path = blobs.h; sourceTree = "<group>"; };
		8D2B915D177A7DA50080CDC4 /* blread.h */ = {isa = PBXFileReference; fileEncoding = 4; lastKnownFileType = sourcecode.c.h; path = blread.h; sourceTree = "<group>"; };
		8D2B915E177A7DA50080CDC4 /* boxread.h */ = {isa = PBXFileReference; fileEncoding = 4; lastKnownFileType = sourcecode.c.h; path = boxread.h; sourceTree = "<group>"; };
		8D2B915F177A7DA50080CDC4 /* boxword.h */ = {isa = PBXFileReference; fileEncoding = 4; lastKnownFileType = sourcecode.c.h; path = boxword.h; sourceTree = "<group>"; };
		8D2B9160177A7DA50080CDC4 /* capi.h */ = {isa = PBXFileReference; fileEncoding = 4; lastKnownFileType = sourcecode.c.h; path = capi.h; sourceTree = "<group>"; };
		8D2B9161177A7DA50080CDC4 /* ccstruct.h */ = {isa = PBXFileReference; fileEncoding = 4; lastKnownFileType = sourcecode.c.h; path = ccstruct.h; sourceTree = "<group>"; };
		8D2B9162177A7DA50080CDC4 /* ccutil.h */ = {isa = PBXFileReference; fileEncoding = 4; lastKnownFileType = sourcecode.c.h; path = ccutil.h; sourceTree = "<group>"; };
		8D2B9163177A7DA50080CDC4 /* clst.h */ = {isa = PBXFileReference; fileEncoding = 4; lastKnownFileType = sourcecode.c.h; path = clst.h; sourceTree = "<group>"; };
		8D2B9164177A7DA50080CDC4 /* control.h */ = {isa = PBXFileReference; fileEncoding = 4; lastKnownFileType = sourcecode.c.h; path = control.h; sourceTree = "<group>"; };
		8D2B9165177A7DA50080CDC4 /* coutln.h */ = {isa = PBXFileReference; fileEncoding = 4; lastKnownFileType = sourcecode.c.h; path = coutln.h; sourceTree = "<group>"; };
		8D2B9166177A7DA50080CDC4 /* crakedge.h */ = {isa = PBXFileReference; fileEncoding = 4; lastKnownFileType = sourcecode.c.h; path = crakedge.h; sourceTree = "<group>"; };
		8D2B9167177A7DA50080CDC4 /* cube_reco_context.h */ = {isa = PBXFileReference; fileEncoding = 4; lastKnownFileType = sourcecode.c.h; path = cube_reco_context.h; sourceTree = "<group>"; };
		8D2B9168177A7DA50080CDC4 /* cubeclassifier.h */ = {isa = PBXFileReference; fileEncoding = 4; lastKnownFileType = sourcecode.c.h; path = cubeclassifier.h; sourceTree = "<group>"; };
		8D2B9169177A7DA50080CDC4 /* detlinefit.h */ = {isa = PBXFileReference; fileEncoding = 4; lastKnownFileType = sourcecode.c.h; path = detlinefit.h; sourceTree = "<group>"; };
		8D2B916A177A7DA50080CDC4 /* docqual.h */ = {isa = PBXFileReference; fileEncoding = 4; lastKnownFileType = sourcecode.c.h; path = docqual.h; sourceTree = "<group>"; };
		8D2B916B177A7DA50080CDC4 /* dppoint.h */ = {isa = PBXFileReference; fileEncoding = 4; lastKnownFileType = sourcecode.c.h; path = dppoint.h; sourceTree = "<group>"; };
		8D2B916C177A7DA50080CDC4 /* elst.h */ = {isa = PBXFileReference; fileEncoding = 4; lastKnownFileType = sourcecode.c.h; path = elst.h; sourceTree = "<group>"; };
		8D2B916D177A7DA50080CDC4 /* elst2.h */ = {isa = PBXFileReference; fileEncoding = 4; lastKnownFileType = sourcecode.c.h; path = elst2.h; sourceTree = "<group>"; };
		8D2B916E177A7DA50080CDC4 /* equationdetect.h */ = {isa = PBXFileReference; fileEncoding = 4; lastKnownFileType = sourcecode.c.h; path = equationdetect.h; sourceTree = "<group>"; };
		8D2B916F177A7DA50080CDC4 /* errcode.h */ = {isa = PBXFileReference; fileEncoding = 4; lastKnownFileType = sourcecode.c.h; path = errcode.h; sourceTree = "<group>"; };
		8D2B9170177A7DA50080CDC4 /* fileerr.h */ = {isa = PBXFileReference; fileEncoding = 4; lastKnownFileType = sourcecode.c.h; path = fileerr.h; sourceTree = "<group>"; };
		8D2B9171177A7DA50080CDC4 /* fixspace.h */ = {isa = PBXFileReference; fileEncoding = 4; lastKnownFileType = sourcecode.c.h; path = fixspace.h; sourceTree = "<group>"; };
		8D2B9172177A7DA50080CDC4 /* fontinfo.h */ = {isa = PBXFileReference; fileEncoding = 4; lastKnownFileType = sourcecode.c.h; path = fontinfo.h; sourceTree = "<group>"; };
		8D2B9173177A7DA50080CDC4 /* genblob.h */ = {isa = PBXFileReference; fileEncoding = 4; lastKnownFileType = sourcecode.c.h; path = genblob.h; sourceTree = "<group>"; };
		8D2B9174177A7DA50080CDC4 /* genericvector.h */ = {isa = PBXFileReference; fileEncoding = 4; lastKnownFileType = sourcecode.c.h; path = genericvector.h; sourceTree = "<group>"; };
		8D2B9175177A7DA50080CDC4 /* globaloc.h */ = {isa = PBXFileReference; fileEncoding = 4; lastKnownFileType = sourcecode.c.h; path = globaloc.h; sourceTree = "<group>"; };
		8D2B9176177A7DA50080CDC4 /* hashfn.h */ = {isa = PBXFileReference; fileEncoding = 4; lastKnownFileType = sourcecode.c.h; path = hashfn.h; sourceTree = "<group>"; };
		8D2B9177177A7DA50080CDC4 /* helpers.h */ = {isa = PBXFileReference; fileEncoding = 4; lastKnownFileType = sourcecode.c.h; path = helpers.h; sourceTree = "<group>"; };
		8D2B9178177A7DA50080CDC4 /* host.h */ = {isa = PBXFileReference; fileEncoding = 4; lastKnownFileType = sourcecode.c.h; path = host.h; sourceTree = "<group>"; };
		8D2B9179177A7DA50080CDC4 /* hosthplb.h */ = {isa = PBXFileReference; fileEncoding = 4; lastKnownFileType = sourcecode.c.h; path = hosthplb.h; sourceTree = "<group>"; };
		8D2B917A177A7DA50080CDC4 /* hpddef.h */ = {isa = PBXFileReference; fileEncoding = 4; lastKnownFileType = sourcecode.c.h; path = hpddef.h; sourceTree = "<group>"; };
		8D2B917B177A7DA50080CDC4 /* hpdsizes.h */ = {isa = PBXFileReference; fileEncoding = 4; lastKnownFileType = sourcecode.c.h; path = hpdsizes.h; sourceTree = "<group>"; };
		8D2B917C177A7DA50080CDC4 /* imgscale.h */ = {isa = PBXFileReference; fileEncoding = 4; lastKnownFileType = sourcecode.c.h; path = imgscale.h; sourceTree = "<group>"; };
		8D2B917D177A7DA50080CDC4 /* indexmapbidi.h */ = {isa = PBXFileReference; fileEncoding = 4; lastKnownFileType = sourcecode.c.h; path = indexmapbidi.h; sourceTree = "<group>"; };
		8D2B917E177A7DA50080CDC4 /* ipoints.h */ = {isa = PBXFileReference; fileEncoding = 4; lastKnownFileType = sourcecode.c.h; path = ipoints.h; sourceTree = "<group>"; };
		8D2B917F177A7DA50080CDC4 /* linlsq.h */ = {isa = PBXFileReference; fileEncoding = 4; lastKnownFileType = sourcecode.c.h; path = linlsq.h; sourceTree = "<group>"; };
		8D2B9180177A7DA50080CDC4 /* lsterr.h */ = {isa = PBXFileReference; fileEncoding = 4; lastKnownFileType = sourcecode.c.h; path = lsterr.h; sourceTree = "<group>"; };
		8D2B9181177A7DA50080CDC4 /* ltrresultiterator.h */ = {isa = PBXFileReference; fileEncoding = 4; lastKnownFileType = sourcecode.c.h; path = ltrresultiterator.h; sourceTree = "<group>"; };
		8D2B9182177A7DA50080CDC4 /* matrix.h */ = {isa = PBXFileReference; fileEncoding = 4; lastKnownFileType = sourcecode.c.h; path = matrix.h; sourceTree = "<group>"; };
		8D2B9183177A7DA50080CDC4 /* memry.h */ = {isa = PBXFileReference; fileEncoding = 4; lastKnownFileType = sourcecode.c.h; path = memry.h; sourceTree = "<group>"; };
		8D2B9184177A7DA50080CDC4 /* mfcpch.h */ = {isa = PBXFileReference; fileEncoding = 4; lastKnownFileType = sourcecode.c.h; path = mfcpch.h; sourceTree = "<group>"; };
		8D2B9185177A7DA50080CDC4 /* mod128.h */ = {isa = PBXFileReference; fileEncoding = 4; lastKnownFileType = sourcecode.c.h; path = mod128.h; sourceTree = "<group>"; };
		8D2B9186177A7DA50080CDC4 /* mutableiterator.h */ = {isa = PBXFileReference; fileEncoding = 4; lastKnownFileType = sourcecode.c.h; path = mutableiterator.h; sourceTree = "<group>"; };
		8D2B9187177A7DA50080CDC4 /* ndminx.h */ = {isa = PBXFileReference; fileEncoding = 4; lastKnownFileType = sourcecode.c.h; path = ndminx.h; sourceTree = "<group>"; };
		8D2B9188177A7DA50080CDC4 /* normalis.h */ = {isa = PBXFileReference; fileEncoding = 4; lastKnownFileType = sourcecode.c.h; path = normalis.h; sourceTree = "<group>"; };
		8D2B9189177A7DA50080CDC4 /* notdll.h */ = {isa = PBXFileReference; fileEncoding = 4; lastKnownFileType = sourcecode.c.h; path = notdll.h; sourceTree = "<group>"; };
		8D2B918A177A7DA50080CDC4 /* nwmain.h */ = {isa = PBXFileReference; fileEncoding = 4; lastKnownFileType = sourcecode.c.h; path = nwmain.h; sourceTree = "<group>"; };
		8D2B918B177A7DA50080CDC4 /* ocrblock.h */ = {isa = PBXFileReference; fileEncoding = 4; lastKnownFileType = sourcecode.c.h; path = ocrblock.h; sourceTree = "<group>"; };
		8D2B918C177A7DA50080CDC4 /* ocrclass.h */ = {isa = PBXFileReference; fileEncoding = 4; lastKnownFileType = sourcecode.c.h; path = ocrclass.h; sourceTree = "<group>"; };
		8D2B918D177A7DA50080CDC4 /* ocrpara.h */ = {isa = PBXFileReference; fileEncoding = 4; lastKnownFileType = sourcecode.c.h; path = ocrpara.h; sourceTree = "<group>"; };
		8D2B918E177A7DA50080CDC4 /* ocrrow.h */ = {isa = PBXFileReference; fileEncoding = 4; lastKnownFileType = sourcecode.c.h; path = ocrrow.h; sourceTree = "<group>"; };
		8D2B918F177A7DA50080CDC4 /* osdetect.h */ = {isa = PBXFileReference; fileEncoding = 4; lastKnownFileType = sourcecode.c.h; path = osdetect.h; sourceTree = "<group>"; };
		8D2B9190177A7DA50080CDC4 /* otsuthr.h */ = {isa = PBXFileReference; fileEncoding = 4; lastKnownFileType = sourcecode.c.h; path = otsuthr.h; sourceTree = "<group>"; };
		8D2B9191177A7DA50080CDC4 /* output.h */ = {isa = PBXFileReference; fileEncoding = 4; lastKnownFileType = sourcecode.c.h; path = output.h; sourceTree = "<group>"; };
		8D2B9192177A7DA50080CDC4 /* pageiterator.h */ = {isa = PBXFileReference; fileEncoding = 4; lastKnownFileType = sourcecode.c.h; path = pageiterator.h; sourceTree = "<group>"; };
		8D2B9193177A7DA50080CDC4 /* pageres.h */ = {isa = PBXFileReference; fileEncoding = 4; lastKnownFileType = sourcecode.c.h; path = pageres.h; sourceTree = "<group>"; };
		8D2B9194177A7DA50080CDC4 /* paragraphs.h */ = {isa = PBXFileReference; fileEncoding = 4; lastKnownFileType = sourcecode.c.h; path = paragraphs.h; sourceTree = "<group>"; };
		8D2B9195177A7DA50080CDC4 /* paragraphs_internal.h */ = {isa = PBXFileReference; fileEncoding = 4; lastKnownFileType = sourcecode.c.h; path = paragraphs_internal.h; sourceTree = "<group>"; };
		8D2B9196177A7DA50080CDC4 /* params.h */ = {isa = PBXFileReference; fileEncoding = 4; lastKnownFileType = sourcecode.c.h; path = params.h; sourceTree = "<group>"; };
		8D2B9197177A7DA50080CDC4 /* params_training_featdef.h */ = {isa = PBXFileReference; fileEncoding = 4; lastKnownFileType = sourcecode.c.h; path = params_training_featdef.h; sourceTree = "<group>"; };
		8D2B9198177A7DA50080CDC4 /* paramsd.h */ = {isa = PBXFileReference; fileEncoding = 4; lastKnownFileType = sourcecode.c.h; path = paramsd.h; sourceTree = "<group>"; };
		8D2B9199177A7DA50080CDC4 /* pdblock.h */ = {isa = PBXFileReference; fileEncoding = 4; lastKnownFileType = sourcecode.c.h; path = pdblock.h; sourceTree = "<group>"; };
		8D2B919A177A7DA50080CDC4 /* pgedit.h */ = {isa = PBXFileReference; fileEncoding = 4; lastKnownFileType = sourcecode.c.h; path = pgedit.h; sourceTree = "<group>"; };
		8D2B919B177A7DA50080CDC4 /* platform.h */ = {isa = PBXFileReference; fileEncoding = 4; lastKnownFileType = sourcecode.c.h; path = platform.h; sourceTree = "<group>"; };
		8D2B919C177A7DA50080CDC4 /* points.h */ = {isa = PBXFileReference; fileEncoding = 4; lastKnownFileType = sourcecode.c.h; path = points.h; sourceTree = "<group>"; };
		8D2B919D177A7DA50080CDC4 /* polyaprx.h */ = {isa = PBXFileReference; fileEncoding = 4; lastKnownFileType = sourcecode.c.h; path = polyaprx.h; sourceTree = "<group>"; };
		8D2B919E177A7DA50080CDC4 /* polyblk.h */ = {isa = PBXFileReference; fileEncoding = 4; lastKnownFileType = sourcecode.c.h; path = polyblk.h; sourceTree = "<group>"; };
		8D2B919F177A7DA50080CDC4 /* publictypes.h */ = {isa = PBXFileReference; fileEncoding = 4; lastKnownFileType = sourcecode.c.h; path = publictypes.h; sourceTree = "<group>"; };
		8D2B91A0177A7DA50080CDC4 /* qrsequence.h */ = {isa = PBXFileReference; fileEncoding = 4; lastKnownFileType = sourcecode.c.h; path = qrsequence.h; sourceTree = "<group>"; };
		8D2B91A1177A7DA50080CDC4 /* quadlsq.h */ = {isa = PBXFileReference; fileEncoding = 4; lastKnownFileType = sourcecode.c.h; path = quadlsq.h; sourceTree = "<group>"; };
		8D2B91A2177A7DA50080CDC4 /* quadratc.h */ = {isa = PBXFileReference; fileEncoding = 4; lastKnownFileType = sourcecode.c.h; path = quadratc.h; sourceTree = "<group>"; };
		8D2B91A3177A7DA50080CDC4 /* quspline.h */ = {isa = PBXFileReference; fileEncoding = 4; lastKnownFileType = sourcecode.c.h; path = quspline.h; sourceTree = "<group>"; };
		8D2B91A4177A7DA50080CDC4 /* ratngs.h */ = {isa = PBXFileReference; fileEncoding = 4; lastKnownFileType = sourcecode.c.h; path = ratngs.h; sourceTree = "<group>"; };
		8D2B91A5177A7DA50080CDC4 /* rect.h */ = {isa = PBXFileReference; fileEncoding = 4; lastKnownFileType = sourcecode.c.h; path = rect.h; sourceTree = "<group>"; };
		8D2B91A6177A7DA50080CDC4 /* rejctmap.h */ = {isa = PBXFileReference; fileEncoding = 4; lastKnownFileType = sourcecode.c.h; path = rejctmap.h; sourceTree = "<group>"; };
		8D2B91A7177A7DA50080CDC4 /* reject.h */ = {isa = PBXFileReference; fileEncoding = 4; lastKnownFileType = sourcecode.c.h; path = reject.h; sourceTree = "<group>"; };
		8D2B91A8177A7DA50080CDC4 /* resultiterator.h */ = {isa = PBXFileReference; fileEncoding = 4; lastKnownFileType = sourcecode.c.h; path = resultiterator.h; sourceTree = "<group>"; };
		8D2B91A9177A7DA50080CDC4 /* scaleimg.h */ = {isa = PBXFileReference; fileEncoding = 4; lastKnownFileType = sourcecode.c.h; path = scaleimg.h; sourceTree = "<group>"; };
		8D2B91AA177A7DA50080CDC4 /* scanutils.h */ = {isa = PBXFileReference; fileEncoding = 4; lastKnownFileType = sourcecode.c.h; path = scanutils.h; sourceTree = "<group>"; };
		8D2B91AB177A7DA50080CDC4 /* seam.h */ = {isa = PBXFileReference; fileEncoding = 4; lastKnownFileType = sourcecode.c.h; path = seam.h; sourceTree = "<group>"; };
		8D2B91AC177A7DA50080CDC4 /* secname.h */ = {isa = PBXFileReference; fileEncoding = 4; lastKnownFileType = sourcecode.c.h; path = secname.h; sourceTree = "<group>"; };
		8D2B91AD177A7DA50080CDC4 /* serialis.h */ = {isa = PBXFileReference; fileEncoding = 4; lastKnownFileType = sourcecode.c.h; path = serialis.h; sourceTree = "<group>"; };
		8D2B91AE177A7DA50080CDC4 /* sorthelper.h */ = {isa = PBXFileReference; fileEncoding = 4; lastKnownFileType = sourcecode.c.h; path = sorthelper.h; sourceTree = "<group>"; };
		8D2B91AF177A7DA50080CDC4 /* split.h */ = {isa = PBXFileReference; fileEncoding = 4; lastKnownFileType = sourcecode.c.h; path = split.h; sourceTree = "<group>"; };
		8D2B91B0177A7DA50080CDC4 /* statistc.h */ = {isa = PBXFileReference; fileEncoding = 4; lastKnownFileType = sourcecode.c.h; path = statistc.h; sourceTree = "<group>"; };
		8D2B91B1177A7DA50080CDC4 /* stderr.h */ = {isa = PBXFileReference; fileEncoding = 4; lastKnownFileType = sourcecode.c.h; path = stderr.h; sourceTree = "<group>"; };
		8D2B91B2177A7DA50080CDC4 /* stepblob.h */ = {isa = PBXFileReference; fileEncoding = 4; lastKnownFileType = sourcecode.c.h; path = stepblob.h; sourceTree = "<group>"; };
		8D2B91B3177A7DA50080CDC4 /* strngs.h */ = {isa = PBXFileReference; fileEncoding = 4; lastKnownFileType = sourcecode.c.h; path = strngs.h; sourceTree = "<group>"; };
		8D2B91B4177A7DA50080CDC4 /* tessbox.h */ = {isa = PBXFileReference; fileEncoding = 4; lastKnownFileType = sourcecode.c.h; path = tessbox.h; sourceTree = "<group>"; };
		8D2B91B5177A7DA50080CDC4 /* tesscallback.h */ = {isa = PBXFileReference; fileEncoding = 4; lastKnownFileType = sourcecode.c.h; path = tesscallback.h; sourceTree = "<group>"; };
		8D2B91B6177A7DA50080CDC4 /* tessdatamanager.h */ = {isa = PBXFileReference; fileEncoding = 4; lastKnownFileType = sourcecode.c.h; path = tessdatamanager.h; sourceTree = "<group>"; };
		8D2B91B7177A7DA50080CDC4 /* tessedit.h */ = {isa = PBXFileReference; fileEncoding = 4; lastKnownFileType = sourcecode.c.h; path = tessedit.h; sourceTree = "<group>"; };
		8D2B91B8177A7DA50080CDC4 /* tesseract_cube_combiner.h */ = {isa = PBXFileReference; fileEncoding = 4; lastKnownFileType = sourcecode.c.h; path = tesseract_cube_combiner.h; sourceTree = "<group>"; };
		8D2B91B9177A7DA50080CDC4 /* tesseractclass.h */ = {isa = PBXFileReference; fileEncoding = 4; lastKnownFileType = sourcecode.c.h; path = tesseractclass.h; sourceTree = "<group>"; };
		8D2B91BA177A7DA50080CDC4 /* tesseractmain.h */ = {isa = PBXFileReference; fileEncoding = 4; lastKnownFileType = sourcecode.c.h; path = tesseractmain.h; sourceTree = "<group>"; };
		8D2B91BB177A7DA50080CDC4 /* tessvars.h */ = {isa = PBXFileReference; fileEncoding = 4; lastKnownFileType = sourcecode.c.h; path = tessvars.h; sourceTree = "<group>"; };
		8D2B91BC177A7DA50080CDC4 /* tfacep.h */ = {isa = PBXFileReference; fileEncoding = 4; lastKnownFileType = sourcecode.c.h; path = tfacep.h; sourceTree = "<group>"; };
		8D2B91BD177A7DA50080CDC4 /* tfacepp.h */ = {isa = PBXFileReference; fileEncoding = 4; lastKnownFileType = sourcecode.c.h; path = tfacepp.h; sourceTree = "<group>"; };
		8D2B91BE177A7DA50080CDC4 /* thresholder.h */ = {isa = PBXFileReference; fileEncoding = 4; lastKnownFileType = sourcecode.c.h; path = thresholder.h; sourceTree = "<group>"; };
		8D2B91BF177A7DA50080CDC4 /* tprintf.h */ = {isa = PBXFileReference; fileEncoding = 4; lastKnownFileType = sourcecode.c.h; path = tprintf.h; sourceTree = "<group>"; };
		8D2B91C0177A7DA50080CDC4 /* unichar.h */ = {isa = PBXFileReference; fileEncoding = 4; lastKnownFileType = sourcecode.c.h; path = unichar.h; sourceTree = "<group>"; };
		8D2B91C1177A7DA50080CDC4 /* unicharmap.h */ = {isa = PBXFileReference; fileEncoding = 4; lastKnownFileType = sourcecode.c.h; path = unicharmap.h; sourceTree = "<group>"; };
		8D2B91C2177A7DA50080CDC4 /* unicharset.h */ = {isa = PBXFileReference; fileEncoding = 4; lastKnownFileType = sourcecode.c.h; path = unicharset.h; sourceTree = "<group>"; };
		8D2B91C3177A7DA50080CDC4 /* unicity_table.h */ = {isa = PBXFileReference; fileEncoding = 4; lastKnownFileType = sourcecode.c.h; path = unicity_table.h; sourceTree = "<group>"; };
		8D2B91C4177A7DA50080CDC4 /* unicodes.h */ = {isa = PBXFileReference; fileEncoding = 4; lastKnownFileType = sourcecode.c.h; path = unicodes.h; sourceTree = "<group>"; };
		8D2B91C5177A7DA50080CDC4 /* vecfuncs.h */ = {isa = PBXFileReference; fileEncoding = 4; lastKnownFileType = sourcecode.c.h; path = vecfuncs.h; sourceTree = "<group>"; };
		8D2B91C6177A7DA50080CDC4 /* werd.h */ = {isa = PBXFileReference; fileEncoding = 4; lastKnownFileType = sourcecode.c.h; path = werd.h; sourceTree = "<group>"; };
		8D2B91C7177A7DA50080CDC4 /* werdit.h */ = {isa = PBXFileReference; fileEncoding = 4; lastKnownFileType = sourcecode.c.h; path = werdit.h; sourceTree = "<group>"; };
		8D2B91C9177A7DA50080CDC4 /* liblept.a */ = {isa = PBXFileReference; lastKnownFileType = archive.ar; path = liblept.a; sourceTree = "<group>"; };
		8D2B91CA177A7DA50080CDC4 /* libtesseract_all.a */ = {isa = PBXFileReference; lastKnownFileType = archive.ar; path = libtesseract_all.a; sourceTree = "<group>"; };
		8D2B91CB177A7DA50080CDC4 /* README.md */ = {isa = PBXFileReference; fileEncoding = 4; lastKnownFileType = text; path = README.md; sourceTree = "<group>"; };
		8D2B91D0177A7E030080CDC4 /* Tesseract.h */ = {isa = PBXFileReference; fileEncoding = 4; lastKnownFileType = sourcecode.c.h; path = Tesseract.h; sourceTree = "<group>"; };
		8D2B91D1177A7E030080CDC4 /* Tesseract.mm */ = {isa = PBXFileReference; fileEncoding = 4; lastKnownFileType = sourcecode.cpp.objcpp; path = Tesseract.mm; sourceTree = "<group>"; };
/* End PBXFileReference section */

/* Begin PBXFrameworksBuildPhase section */
		0F02410A177A46E600FA5F0E /* Frameworks */ = {
			isa = PBXFrameworksBuildPhase;
			buildActionMask = 2147483647;
			files = (
				0F024111177A46E600FA5F0E /* UIKit.framework in Frameworks */,
				0F024113177A46E600FA5F0E /* Foundation.framework in Frameworks */,
				0F024115177A46E600FA5F0E /* CoreGraphics.framework in Frameworks */,
				8D2B91CD177A7DA50080CDC4 /* liblept.a in Frameworks */,
				8D2B91CE177A7DA50080CDC4 /* libtesseract_all.a in Frameworks */,
			);
			runOnlyForDeploymentPostprocessing = 0;
		};
/* End PBXFrameworksBuildPhase section */

/* Begin PBXGroup section */
		0F024104177A46E600FA5F0E = {
			isa = PBXGroup;
			children = (
				0F024116177A46E600FA5F0E /* split */,
				0F02410F177A46E600FA5F0E /* Frameworks */,
				0F02410E177A46E600FA5F0E /* Products */,
			);
			sourceTree = "<group>";
		};
		0F02410E177A46E600FA5F0E /* Products */ = {
			isa = PBXGroup;
			children = (
				0F02410D177A46E600FA5F0E /* split.app */,
			);
			name = Products;
			sourceTree = "<group>";
		};
		0F02410F177A46E600FA5F0E /* Frameworks */ = {
			isa = PBXGroup;
			children = (
				0F024110177A46E600FA5F0E /* UIKit.framework */,
				0F024112177A46E600FA5F0E /* Foundation.framework */,
				0F024114177A46E600FA5F0E /* CoreGraphics.framework */,
			);
			name = Frameworks;
			sourceTree = "<group>";
		};
		0F024116177A46E600FA5F0E /* split */ = {
			isa = PBXGroup;
			children = (
				0F02411F177A46E600FA5F0E /* SBGLAppDelegate.h */,
				0F024120177A46E600FA5F0E /* SBGLAppDelegate.m */,
				0F024128177A46E600FA5F0E /* MainStoryboard.storyboard */,
				0F024136177A776000FA5F0E /* SBGLNameDinersViewController.h */,
				0F024137177A776000FA5F0E /* SBGLNameDinersViewController.m */,
				0F024133177A772200FA5F0E /* SBGLNumberDinersViewController.h */,
				0F024134177A772200FA5F0E /* SBGLNumberDinersViewController.m */,
				0F02412B177A46E600FA5F0E /* SBGLImageViewController.h */,
				0F02412C177A46E600FA5F0E /* SBGLImageViewController.m */,
				0F024117177A46E600FA5F0E /* Supporting Files */,
			);
			path = split;
			sourceTree = "<group>";
		};
		0F024117177A46E600FA5F0E /* Supporting Files */ = {
			isa = PBXGroup;
			children = (
				8D2B91D0177A7E030080CDC4 /* Tesseract.h */,
				8D2B91D1177A7E030080CDC4 /* Tesseract.mm */,
				8D2B9134177A7DA50080CDC4 /* tesseract-ios-lib-master */,
				0F024118177A46E600FA5F0E /* split-Info.plist */,
				0F024119177A46E600FA5F0E /* InfoPlist.strings */,
				0F02411C177A46E600FA5F0E /* main.m */,
				0F02411E177A46E600FA5F0E /* split-Prefix.pch */,
				0F024122177A46E600FA5F0E /* Default.png */,
				0F024124177A46E600FA5F0E /* Default@2x.png */,
				0F024126177A46E600FA5F0E /* Default-568h@2x.png */,
			);
			name = "Supporting Files";
			sourceTree = "<group>";
		};
		8D2B9134177A7DA50080CDC4 /* tesseract-ios-lib-master */ = {
			isa = PBXGroup;
			children = (
				8D2B9135177A7DA50080CDC4 /* .gitignore */,
				8D2B9136177A7DA50080CDC4 /* include */,
				8D2B91C8177A7DA50080CDC4 /* lib */,
				8D2B91CB177A7DA50080CDC4 /* README.md */,
			);
			path = "tesseract-ios-lib-master";
			sourceTree = "<group>";
		};
		8D2B9136177A7DA50080CDC4 /* include */ = {
			isa = PBXGroup;
			children = (
				8D2B9137177A7DA50080CDC4 /* leptonica */,
				8D2B9153177A7DA50080CDC4 /* tesseract */,
			);
			path = include;
			sourceTree = "<group>";
		};
		8D2B9137177A7DA50080CDC4 /* leptonica */ = {
			isa = PBXGroup;
			children = (
				8D2B9138177A7DA50080CDC4 /* allheaders.h */,
				8D2B9139177A7DA50080CDC4 /* alltypes.h */,
				8D2B913A177A7DA50080CDC4 /* array.h */,
				8D2B913B177A7DA50080CDC4 /* arrayaccess.h */,
				8D2B913C177A7DA50080CDC4 /* bbuffer.h */,
				8D2B913D177A7DA50080CDC4 /* bmf.h */,
				8D2B913E177A7DA50080CDC4 /* bmp.h */,
				8D2B913F177A7DA50080CDC4 /* ccbord.h */,
				8D2B9140177A7DA50080CDC4 /* dewarp.h */,
				8D2B9141177A7DA50080CDC4 /* endianness.h */,
				8D2B9142177A7DA50080CDC4 /* environ.h */,
				8D2B9143177A7DA50080CDC4 /* freetype.h */,
				8D2B9144177A7DA50080CDC4 /* gplot.h */,
				8D2B9145177A7DA50080CDC4 /* heap.h */,
				8D2B9146177A7DA50080CDC4 /* imageio.h */,
				8D2B9147177A7DA50080CDC4 /* jbclass.h */,
				8D2B9148177A7DA50080CDC4 /* leptwin.h */,
				8D2B9149177A7DA50080CDC4 /* list.h */,
				8D2B914A177A7DA50080CDC4 /* morph.h */,
				8D2B914B177A7DA50080CDC4 /* pix.h */,
				8D2B914C177A7DA50080CDC4 /* ptra.h */,
				8D2B914D177A7DA50080CDC4 /* queue.h */,
				8D2B914E177A7DA50080CDC4 /* readbarcode.h */,
				8D2B914F177A7DA50080CDC4 /* regutils.h */,
				8D2B9150177A7DA50080CDC4 /* stack.h */,
				8D2B9151177A7DA50080CDC4 /* sudoku.h */,
				8D2B9152177A7DA50080CDC4 /* watershed.h */,
			);
			path = leptonica;
			sourceTree = "<group>";
		};
		8D2B9153177A7DA50080CDC4 /* tesseract */ = {
			isa = PBXGroup;
			children = (
				8D2B9154177A7DA50080CDC4 /* ambigs.h */,
				8D2B9155177A7DA50080CDC4 /* apitypes.h */,
				8D2B9156177A7DA50080CDC4 /* baseapi.h */,
				8D2B9157177A7DA50080CDC4 /* basedir.h */,
				8D2B9158177A7DA50080CDC4 /* bits16.h */,
				8D2B9159177A7DA50080CDC4 /* bitvector.h */,
				8D2B915A177A7DA50080CDC4 /* blckerr.h */,
				8D2B915B177A7DA50080CDC4 /* blobbox.h */,
				8D2B915C177A7DA50080CDC4 /* blobs.h */,
				8D2B915D177A7DA50080CDC4 /* blread.h */,
				8D2B915E177A7DA50080CDC4 /* boxread.h */,
				8D2B915F177A7DA50080CDC4 /* boxword.h */,
				8D2B9160177A7DA50080CDC4 /* capi.h */,
				8D2B9161177A7DA50080CDC4 /* ccstruct.h */,
				8D2B9162177A7DA50080CDC4 /* ccutil.h */,
				8D2B9163177A7DA50080CDC4 /* clst.h */,
				8D2B9164177A7DA50080CDC4 /* control.h */,
				8D2B9165177A7DA50080CDC4 /* coutln.h */,
				8D2B9166177A7DA50080CDC4 /* crakedge.h */,
				8D2B9167177A7DA50080CDC4 /* cube_reco_context.h */,
				8D2B9168177A7DA50080CDC4 /* cubeclassifier.h */,
				8D2B9169177A7DA50080CDC4 /* detlinefit.h */,
				8D2B916A177A7DA50080CDC4 /* docqual.h */,
				8D2B916B177A7DA50080CDC4 /* dppoint.h */,
				8D2B916C177A7DA50080CDC4 /* elst.h */,
				8D2B916D177A7DA50080CDC4 /* elst2.h */,
				8D2B916E177A7DA50080CDC4 /* equationdetect.h */,
				8D2B916F177A7DA50080CDC4 /* errcode.h */,
				8D2B9170177A7DA50080CDC4 /* fileerr.h */,
				8D2B9171177A7DA50080CDC4 /* fixspace.h */,
				8D2B9172177A7DA50080CDC4 /* fontinfo.h */,
				8D2B9173177A7DA50080CDC4 /* genblob.h */,
				8D2B9174177A7DA50080CDC4 /* genericvector.h */,
				8D2B9175177A7DA50080CDC4 /* globaloc.h */,
				8D2B9176177A7DA50080CDC4 /* hashfn.h */,
				8D2B9177177A7DA50080CDC4 /* helpers.h */,
				8D2B9178177A7DA50080CDC4 /* host.h */,
				8D2B9179177A7DA50080CDC4 /* hosthplb.h */,
				8D2B917A177A7DA50080CDC4 /* hpddef.h */,
				8D2B917B177A7DA50080CDC4 /* hpdsizes.h */,
				8D2B917C177A7DA50080CDC4 /* imgscale.h */,
				8D2B917D177A7DA50080CDC4 /* indexmapbidi.h */,
				8D2B917E177A7DA50080CDC4 /* ipoints.h */,
				8D2B917F177A7DA50080CDC4 /* linlsq.h */,
				8D2B9180177A7DA50080CDC4 /* lsterr.h */,
				8D2B9181177A7DA50080CDC4 /* ltrresultiterator.h */,
				8D2B9182177A7DA50080CDC4 /* matrix.h */,
				8D2B9183177A7DA50080CDC4 /* memry.h */,
				8D2B9184177A7DA50080CDC4 /* mfcpch.h */,
				8D2B9185177A7DA50080CDC4 /* mod128.h */,
				8D2B9186177A7DA50080CDC4 /* mutableiterator.h */,
				8D2B9187177A7DA50080CDC4 /* ndminx.h */,
				8D2B9188177A7DA50080CDC4 /* normalis.h */,
				8D2B9189177A7DA50080CDC4 /* notdll.h */,
				8D2B918A177A7DA50080CDC4 /* nwmain.h */,
				8D2B918B177A7DA50080CDC4 /* ocrblock.h */,
				8D2B918C177A7DA50080CDC4 /* ocrclass.h */,
				8D2B918D177A7DA50080CDC4 /* ocrpara.h */,
				8D2B918E177A7DA50080CDC4 /* ocrrow.h */,
				8D2B918F177A7DA50080CDC4 /* osdetect.h */,
				8D2B9190177A7DA50080CDC4 /* otsuthr.h */,
				8D2B9191177A7DA50080CDC4 /* output.h */,
				8D2B9192177A7DA50080CDC4 /* pageiterator.h */,
				8D2B9193177A7DA50080CDC4 /* pageres.h */,
				8D2B9194177A7DA50080CDC4 /* paragraphs.h */,
				8D2B9195177A7DA50080CDC4 /* paragraphs_internal.h */,
				8D2B9196177A7DA50080CDC4 /* params.h */,
				8D2B9197177A7DA50080CDC4 /* params_training_featdef.h */,
				8D2B9198177A7DA50080CDC4 /* paramsd.h */,
				8D2B9199177A7DA50080CDC4 /* pdblock.h */,
				8D2B919A177A7DA50080CDC4 /* pgedit.h */,
				8D2B919B177A7DA50080CDC4 /* platform.h */,
				8D2B919C177A7DA50080CDC4 /* points.h */,
				8D2B919D177A7DA50080CDC4 /* polyaprx.h */,
				8D2B919E177A7DA50080CDC4 /* polyblk.h */,
				8D2B919F177A7DA50080CDC4 /* publictypes.h */,
				8D2B91A0177A7DA50080CDC4 /* qrsequence.h */,
				8D2B91A1177A7DA50080CDC4 /* quadlsq.h */,
				8D2B91A2177A7DA50080CDC4 /* quadratc.h */,
				8D2B91A3177A7DA50080CDC4 /* quspline.h */,
				8D2B91A4177A7DA50080CDC4 /* ratngs.h */,
				8D2B91A5177A7DA50080CDC4 /* rect.h */,
				8D2B91A6177A7DA50080CDC4 /* rejctmap.h */,
				8D2B91A7177A7DA50080CDC4 /* reject.h */,
				8D2B91A8177A7DA50080CDC4 /* resultiterator.h */,
				8D2B91A9177A7DA50080CDC4 /* scaleimg.h */,
				8D2B91AA177A7DA50080CDC4 /* scanutils.h */,
				8D2B91AB177A7DA50080CDC4 /* seam.h */,
				8D2B91AC177A7DA50080CDC4 /* secname.h */,
				8D2B91AD177A7DA50080CDC4 /* serialis.h */,
				8D2B91AE177A7DA50080CDC4 /* sorthelper.h */,
				8D2B91AF177A7DA50080CDC4 /* split.h */,
				8D2B91B0177A7DA50080CDC4 /* statistc.h */,
				8D2B91B1177A7DA50080CDC4 /* stderr.h */,
				8D2B91B2177A7DA50080CDC4 /* stepblob.h */,
				8D2B91B3177A7DA50080CDC4 /* strngs.h */,
				8D2B91B4177A7DA50080CDC4 /* tessbox.h */,
				8D2B91B5177A7DA50080CDC4 /* tesscallback.h */,
				8D2B91B6177A7DA50080CDC4 /* tessdatamanager.h */,
				8D2B91B7177A7DA50080CDC4 /* tessedit.h */,
				8D2B91B8177A7DA50080CDC4 /* tesseract_cube_combiner.h */,
				8D2B91B9177A7DA50080CDC4 /* tesseractclass.h */,
				8D2B91BA177A7DA50080CDC4 /* tesseractmain.h */,
				8D2B91BB177A7DA50080CDC4 /* tessvars.h */,
				8D2B91BC177A7DA50080CDC4 /* tfacep.h */,
				8D2B91BD177A7DA50080CDC4 /* tfacepp.h */,
				8D2B91BE177A7DA50080CDC4 /* thresholder.h */,
				8D2B91BF177A7DA50080CDC4 /* tprintf.h */,
				8D2B91C0177A7DA50080CDC4 /* unichar.h */,
				8D2B91C1177A7DA50080CDC4 /* unicharmap.h */,
				8D2B91C2177A7DA50080CDC4 /* unicharset.h */,
				8D2B91C3177A7DA50080CDC4 /* unicity_table.h */,
				8D2B91C4177A7DA50080CDC4 /* unicodes.h */,
				8D2B91C5177A7DA50080CDC4 /* vecfuncs.h */,
				8D2B91C6177A7DA50080CDC4 /* werd.h */,
				8D2B91C7177A7DA50080CDC4 /* werdit.h */,
			);
			path = tesseract;
			sourceTree = "<group>";
		};
		8D2B91C8177A7DA50080CDC4 /* lib */ = {
			isa = PBXGroup;
			children = (
				8D2B91C9177A7DA50080CDC4 /* liblept.a */,
				8D2B91CA177A7DA50080CDC4 /* libtesseract_all.a */,
			);
			path = lib;
			sourceTree = "<group>";
		};
/* End PBXGroup section */

/* Begin PBXNativeTarget section */
		0F02410C177A46E600FA5F0E /* split */ = {
			isa = PBXNativeTarget;
			buildConfigurationList = 0F024130177A46E600FA5F0E /* Build configuration list for PBXNativeTarget "split" */;
			buildPhases = (
				0F024109177A46E600FA5F0E /* Sources */,
				0F02410A177A46E600FA5F0E /* Frameworks */,
				0F02410B177A46E600FA5F0E /* Resources */,
			);
			buildRules = (
			);
			dependencies = (
			);
			name = split;
			productName = split;
			productReference = 0F02410D177A46E600FA5F0E /* split.app */;
			productType = "com.apple.product-type.application";
		};
/* End PBXNativeTarget section */

/* Begin PBXProject section */
		0F024105177A46E600FA5F0E /* Project object */ = {
			isa = PBXProject;
			attributes = {
				CLASSPREFIX = SBGL;
				LastUpgradeCheck = 0460;
				ORGANIZATIONNAME = BGL;
			};
			buildConfigurationList = 0F024108177A46E600FA5F0E /* Build configuration list for PBXProject "split" */;
			compatibilityVersion = "Xcode 3.2";
			developmentRegion = English;
			hasScannedForEncodings = 0;
			knownRegions = (
				en,
			);
			mainGroup = 0F024104177A46E600FA5F0E;
			productRefGroup = 0F02410E177A46E600FA5F0E /* Products */;
			projectDirPath = "";
			projectRoot = "";
			targets = (
				0F02410C177A46E600FA5F0E /* split */,
			);
		};
/* End PBXProject section */

/* Begin PBXResourcesBuildPhase section */
		0F02410B177A46E600FA5F0E /* Resources */ = {
			isa = PBXResourcesBuildPhase;
			buildActionMask = 2147483647;
			files = (
				0F02411B177A46E600FA5F0E /* InfoPlist.strings in Resources */,
				0F024123177A46E600FA5F0E /* Default.png in Resources */,
				0F024125177A46E600FA5F0E /* Default@2x.png in Resources */,
				0F024127177A46E600FA5F0E /* Default-568h@2x.png in Resources */,
				0F02412A177A46E600FA5F0E /* MainStoryboard.storyboard in Resources */,
				8D2B91CC177A7DA50080CDC4 /* .gitignore in Resources */,
				8D2B91CF177A7DA50080CDC4 /* README.md in Resources */,
			);
			runOnlyForDeploymentPostprocessing = 0;
		};
/* End PBXResourcesBuildPhase section */

/* Begin PBXSourcesBuildPhase section */
		0F024109177A46E600FA5F0E /* Sources */ = {
			isa = PBXSourcesBuildPhase;
			buildActionMask = 2147483647;
			files = (
				0F02411D177A46E600FA5F0E /* main.m in Sources */,
				0F024121177A46E600FA5F0E /* SBGLAppDelegate.m in Sources */,
				0F02412D177A46E600FA5F0E /* SBGLImageViewController.m in Sources */,
				0F024135177A772200FA5F0E /* SBGLNumberDinersViewController.m in Sources */,
				0F024138177A776000FA5F0E /* SBGLNameDinersViewController.m in Sources */,
				8D2B91D2177A7E030080CDC4 /* Tesseract.mm in Sources */,
			);
			runOnlyForDeploymentPostprocessing = 0;
		};
/* End PBXSourcesBuildPhase section */

/* Begin PBXVariantGroup section */
		0F024119177A46E600FA5F0E /* InfoPlist.strings */ = {
			isa = PBXVariantGroup;
			children = (
				0F02411A177A46E600FA5F0E /* en */,
			);
			name = InfoPlist.strings;
			sourceTree = "<group>";
		};
		0F024128177A46E600FA5F0E /* MainStoryboard.storyboard */ = {
			isa = PBXVariantGroup;
			children = (
				0F024129177A46E600FA5F0E /* en */,
			);
			name = MainStoryboard.storyboard;
			sourceTree = "<group>";
		};
/* End PBXVariantGroup section */

/* Begin XCBuildConfiguration section */
		0F02412E177A46E600FA5F0E /* Debug */ = {
			isa = XCBuildConfiguration;
			buildSettings = {
				ALWAYS_SEARCH_USER_PATHS = NO;
				CLANG_CXX_LANGUAGE_STANDARD = "gnu++0x";
				CLANG_CXX_LIBRARY = "libc++";
				CLANG_ENABLE_OBJC_ARC = YES;
				CLANG_WARN_CONSTANT_CONVERSION = YES;
				CLANG_WARN_EMPTY_BODY = YES;
				CLANG_WARN_ENUM_CONVERSION = YES;
				CLANG_WARN_INT_CONVERSION = YES;
				CLANG_WARN__DUPLICATE_METHOD_MATCH = YES;
				"CODE_SIGN_IDENTITY[sdk=iphoneos*]" = "iPhone Developer";
				COPY_PHASE_STRIP = NO;
				GCC_C_LANGUAGE_STANDARD = gnu99;
				GCC_DYNAMIC_NO_PIC = NO;
				GCC_OPTIMIZATION_LEVEL = 0;
				GCC_PREPROCESSOR_DEFINITIONS = (
					"DEBUG=1",
					"$(inherited)",
				);
				GCC_SYMBOLS_PRIVATE_EXTERN = NO;
				GCC_WARN_ABOUT_RETURN_TYPE = YES;
				GCC_WARN_UNINITIALIZED_AUTOS = YES;
				GCC_WARN_UNUSED_VARIABLE = YES;
				IPHONEOS_DEPLOYMENT_TARGET = 6.1;
				ONLY_ACTIVE_ARCH = YES;
				SDKROOT = iphoneos;
			};
			name = Debug;
		};
		0F02412F177A46E600FA5F0E /* Release */ = {
			isa = XCBuildConfiguration;
			buildSettings = {
				ALWAYS_SEARCH_USER_PATHS = NO;
				CLANG_CXX_LANGUAGE_STANDARD = "gnu++0x";
				CLANG_CXX_LIBRARY = "libc++";
				CLANG_ENABLE_OBJC_ARC = YES;
				CLANG_WARN_CONSTANT_CONVERSION = YES;
				CLANG_WARN_EMPTY_BODY = YES;
				CLANG_WARN_ENUM_CONVERSION = YES;
				CLANG_WARN_INT_CONVERSION = YES;
				CLANG_WARN__DUPLICATE_METHOD_MATCH = YES;
				"CODE_SIGN_IDENTITY[sdk=iphoneos*]" = "iPhone Developer";
				COPY_PHASE_STRIP = YES;
				GCC_C_LANGUAGE_STANDARD = gnu99;
				GCC_WARN_ABOUT_RETURN_TYPE = YES;
				GCC_WARN_UNINITIALIZED_AUTOS = YES;
				GCC_WARN_UNUSED_VARIABLE = YES;
				IPHONEOS_DEPLOYMENT_TARGET = 6.1;
				OTHER_CFLAGS = "-DNS_BLOCK_ASSERTIONS=1";
				SDKROOT = iphoneos;
				VALIDATE_PRODUCT = YES;
			};
			name = Release;
		};
		0F024131177A46E600FA5F0E /* Debug */ = {
			isa = XCBuildConfiguration;
			buildSettings = {
				GCC_PRECOMPILE_PREFIX_HEADER = YES;
				GCC_PREFIX_HEADER = "split/split-Prefix.pch";
				INFOPLIST_FILE = "split/split-Info.plist";
				LIBRARY_SEARCH_PATHS = (
					"$(inherited)",
					"\"$(SRCROOT)/split/tesseract-ios-lib-master/lib\"",
				);
				PRODUCT_NAME = "$(TARGET_NAME)";
				WRAPPER_EXTENSION = app;
			};
			name = Debug;
		};
		0F024132177A46E600FA5F0E /* Release */ = {
			isa = XCBuildConfiguration;
			buildSettings = {
				GCC_PRECOMPILE_PREFIX_HEADER = YES;
				GCC_PREFIX_HEADER = "split/split-Prefix.pch";
				INFOPLIST_FILE = "split/split-Info.plist";
				LIBRARY_SEARCH_PATHS = (
					"$(inherited)",
					"\"$(SRCROOT)/split/tesseract-ios-lib-master/lib\"",
				);
				PRODUCT_NAME = "$(TARGET_NAME)";
				WRAPPER_EXTENSION = app;
			};
			name = Release;
		};
/* End XCBuildConfiguration section */

/* Begin XCConfigurationList section */
		0F024108177A46E600FA5F0E /* Build configuration list for PBXProject "split" */ = {
			isa = XCConfigurationList;
			buildConfigurations = (
				0F02412E177A46E600FA5F0E /* Debug */,
				0F02412F177A46E600FA5F0E /* Release */,
			);
			defaultConfigurationIsVisible = 0;
			defaultConfigurationName = Release;
		};
		0F024130177A46E600FA5F0E /* Build configuration list for PBXNativeTarget "split" */ = {
			isa = XCConfigurationList;
			buildConfigurations = (
				0F024131177A46E600FA5F0E /* Debug */,
				0F024132177A46E600FA5F0E /* Release */,
			);
			defaultConfigurationIsVisible = 0;
			defaultConfigurationName = Release;
		};
/* End XCConfigurationList section */
	};
	rootObject = 0F024105177A46E600FA5F0E /* Project object */;
}
